
Microsoft Visual Studio Solution File, Format Version 12.00
# Visual Studio 14
VisualStudioVersion = 14.0.23107.0
MinimumVisualStudioVersion = 10.0.40219.1
Project("{FAE04EC0-301F-11D3-BF4B-00C04F79EFBC}") = "LF", "LF\LF.csproj", "{B4ECAD97-EADD-41EE-B1AF-B897772EBA7E}"
EndProject
Project("{FAE04EC0-301F-11D3-BF4B-00C04F79EFBC}") = "LF.Tests", "LF.Tests\LF.Tests.csproj", "{C8F62F81-5C6D-4A65-9602-E9E073CC5686}"
EndProject
Global
	GlobalSection(SolutionConfigurationPlatforms) = preSolution
		Debug|Any CPU = Debug|Any CPU
		Release|Any CPU = Release|Any CPU
	EndGlobalSection
	GlobalSection(ProjectConfigurationPlatforms) = postSolution
		{B4ECAD97-EADD-41EE-B1AF-B897772EBA7E}.Debug|Any CPU.ActiveCfg = Debug|Any CPU
		{B4ECAD97-EADD-41EE-B1AF-B897772EBA7E}.Debug|Any CPU.Build.0 = Debug|Any CPU
		{B4ECAD97-EADD-41EE-B1AF-B897772EBA7E}.Release|Any CPU.ActiveCfg = Release|Any CPU
		{B4ECAD97-EADD-41EE-B1AF-B897772EBA7E}.Release|Any CPU.Build.0 = Release|Any CPU
		{C8F62F81-5C6D-4A65-9602-E9E073CC5686}.Debug|Any CPU.ActiveCfg = Debug|Any CPU
		{C8F62F81-5C6D-4A65-9602-E9E073CC5686}.Debug|Any CPU.Build.0 = Debug|Any CPU
		{C8F62F81-5C6D-4A65-9602-E9E073CC5686}.Release|Any CPU.ActiveCfg = Release|Any CPU
		{C8F62F81-5C6D-4A65-9602-E9E073CC5686}.Release|Any CPU.Build.0 = Release|Any CPU
	EndGlobalSection
	GlobalSection(SolutionProperties) = preSolution
		HideSolutionNode = FALSE
	EndGlobalSection
EndGlobal
